// !$*UTF8*$!
{
	archiveVersion = 1;
	classes = {
	};
	objectVersion = 48;
	objects = {

/* Begin PBXBuildFile section */
		A103453E200547970074EFEC /* AppDelegate.swift in Sources */ = {isa = PBXBuildFile; fileRef = A103453D200547970074EFEC /* AppDelegate.swift */; };
		A1034540200547970074EFEC /* ViewController.swift in Sources */ = {isa = PBXBuildFile; fileRef = A103453F200547970074EFEC /* ViewController.swift */; };
		A1034543200547970074EFEC /* Main.storyboard in Resources */ = {isa = PBXBuildFile; fileRef = A1034541200547970074EFEC /* Main.storyboard */; };
		A1034545200547970074EFEC /* Assets.xcassets in Resources */ = {isa = PBXBuildFile; fileRef = A1034544200547970074EFEC /* Assets.xcassets */; };
		A1034548200547970074EFEC /* LaunchScreen.storyboard in Resources */ = {isa = PBXBuildFile; fileRef = A1034546200547970074EFEC /* LaunchScreen.storyboard */; };
		A1034553200547970074EFEC /* AllleTests.swift in Sources */ = {isa = PBXBuildFile; fileRef = A1034552200547970074EFEC /* AllleTests.swift */; };
		A103455E200547970074EFEC /* AllleUITests.swift in Sources */ = {isa = PBXBuildFile; fileRef = A103455D200547970074EFEC /* AllleUITests.swift */; };
		A17C543E2007E45B007C63EB /* UserNetworkManager.swift in Sources */ = {isa = PBXBuildFile; fileRef = A17C543D2007E45B007C63EB /* UserNetworkManager.swift */; };
		A17C54402007E49B007C63EB /* UserModel.swift in Sources */ = {isa = PBXBuildFile; fileRef = A17C543F2007E49B007C63EB /* UserModel.swift */; };
		A17C54462007EBE0007C63EB /* BaseView.swift in Sources */ = {isa = PBXBuildFile; fileRef = A17C54452007EBE0007C63EB /* BaseView.swift */; };
		A17C54482007EBF7007C63EB /* BaseView.storyboard in Resources */ = {isa = PBXBuildFile; fileRef = A17C54472007EBF7007C63EB /* BaseView.storyboard */; };
		A19DE4402016287F0027E1F3 /* Constant.swift in Sources */ = {isa = PBXBuildFile; fileRef = A19DE43F2016287F0027E1F3 /* Constant.swift */; };
/* End PBXBuildFile section */

/* Begin PBXContainerItemProxy section */
		A103454F200547970074EFEC /* PBXContainerItemProxy */ = {
			isa = PBXContainerItemProxy;
			containerPortal = A1034532200547970074EFEC /* Project object */;
			proxyType = 1;
			remoteGlobalIDString = A1034539200547970074EFEC;
			remoteInfo = Allle;
		};
		A103455A200547970074EFEC /* PBXContainerItemProxy */ = {
			isa = PBXContainerItemProxy;
			containerPortal = A1034532200547970074EFEC /* Project object */;
			proxyType = 1;
			remoteGlobalIDString = A1034539200547970074EFEC;
			remoteInfo = Allle;
		};
/* End PBXContainerItemProxy section */

/* Begin PBXFileReference section */
		A103453A200547970074EFEC /* Allle.app */ = {isa = PBXFileReference; explicitFileType = wrapper.application; includeInIndex = 0; path = Allle.app; sourceTree = BUILT_PRODUCTS_DIR; };
		A103453D200547970074EFEC /* AppDelegate.swift */ = {isa = PBXFileReference; lastKnownFileType = sourcecode.swift; path = AppDelegate.swift; sourceTree = "<group>"; };
		A103453F200547970074EFEC /* ViewController.swift */ = {isa = PBXFileReference; lastKnownFileType = sourcecode.swift; path = ViewController.swift; sourceTree = "<group>"; };
		A1034542200547970074EFEC /* Base */ = {isa = PBXFileReference; lastKnownFileType = file.storyboard; name = Base; path = Base.lproj/Main.storyboard; sourceTree = "<group>"; };
		A1034544200547970074EFEC /* Assets.xcassets */ = {isa = PBXFileReference; lastKnownFileType = folder.assetcatalog; path = Assets.xcassets; sourceTree = "<group>"; };
		A1034547200547970074EFEC /* Base */ = {isa = PBXFileReference; lastKnownFileType = file.storyboard; name = Base; path = Base.lproj/LaunchScreen.storyboard; sourceTree = "<group>"; };
		A1034549200547970074EFEC /* Info.plist */ = {isa = PBXFileReference; lastKnownFileType = text.plist.xml; path = Info.plist; sourceTree = "<group>"; };
		A103454E200547970074EFEC /* AllleTests.xctest */ = {isa = PBXFileReference; explicitFileType = wrapper.cfbundle; includeInIndex = 0; path = AllleTests.xctest; sourceTree = BUILT_PRODUCTS_DIR; };
		A1034552200547970074EFEC /* AllleTests.swift */ = {isa = PBXFileReference; lastKnownFileType = sourcecode.swift; path = AllleTests.swift; sourceTree = "<group>"; };
		A1034554200547970074EFEC /* Info.plist */ = {isa = PBXFileReference; lastKnownFileType = text.plist.xml; path = Info.plist; sourceTree = "<group>"; };
		A1034559200547970074EFEC /* AllleUITests.xctest */ = {isa = PBXFileReference; explicitFileType = wrapper.cfbundle; includeInIndex = 0; path = AllleUITests.xctest; sourceTree = BUILT_PRODUCTS_DIR; };
		A103455D200547970074EFEC /* AllleUITests.swift */ = {isa = PBXFileReference; lastKnownFileType = sourcecode.swift; path = AllleUITests.swift; sourceTree = "<group>"; };
		A103455F200547970074EFEC /* Info.plist */ = {isa = PBXFileReference; lastKnownFileType = text.plist.xml; path = Info.plist; sourceTree = "<group>"; };
		A17C543D2007E45B007C63EB /* UserNetworkManager.swift */ = {isa = PBXFileReference; lastKnownFileType = sourcecode.swift; path = UserNetworkManager.swift; sourceTree = "<group>"; };
		A17C543F2007E49B007C63EB /* UserModel.swift */ = {isa = PBXFileReference; lastKnownFileType = sourcecode.swift; path = UserModel.swift; sourceTree = "<group>"; };
		A17C54452007EBE0007C63EB /* BaseView.swift */ = {isa = PBXFileReference; lastKnownFileType = sourcecode.swift; path = BaseView.swift; sourceTree = "<group>"; };
		A17C54472007EBF7007C63EB /* BaseView.storyboard */ = {isa = PBXFileReference; lastKnownFileType = file.storyboard; path = BaseView.storyboard; sourceTree = "<group>"; };
		A19DE43F2016287F0027E1F3 /* Constant.swift */ = {isa = PBXFileReference; lastKnownFileType = sourcecode.swift; path = Constant.swift; sourceTree = "<group>"; };
/* End PBXFileReference section */

/* Begin PBXFrameworksBuildPhase section */
		A1034537200547970074EFEC /* Frameworks */ = {
			isa = PBXFrameworksBuildPhase;
			buildActionMask = 2147483647;
			files = (
			);
			runOnlyForDeploymentPostprocessing = 0;
		};
		A103454B200547970074EFEC /* Frameworks */ = {
			isa = PBXFrameworksBuildPhase;
			buildActionMask = 2147483647;
			files = (
			);
			runOnlyForDeploymentPostprocessing = 0;
		};
		A1034556200547970074EFEC /* Frameworks */ = {
			isa = PBXFrameworksBuildPhase;
			buildActionMask = 2147483647;
			files = (
			);
			runOnlyForDeploymentPostprocessing = 0;
		};
/* End PBXFrameworksBuildPhase section */

/* Begin PBXGroup section */
		A1034531200547970074EFEC = {
			isa = PBXGroup;
			children = (
				A103453C200547970074EFEC /* Allle */,
				A1034551200547970074EFEC /* AllleTests */,
				A103455C200547970074EFEC /* AllleUITests */,
				A103453B200547970074EFEC /* Products */,
			);
			sourceTree = "<group>";
		};
		A103453B200547970074EFEC /* Products */ = {
			isa = PBXGroup;
			children = (
				A103453A200547970074EFEC /* Allle.app */,
				A103454E200547970074EFEC /* AllleTests.xctest */,
				A1034559200547970074EFEC /* AllleUITests.xctest */,
			);
			name = Products;
			sourceTree = "<group>";
		};
		A103453C200547970074EFEC /* Allle */ = {
			isa = PBXGroup;
			children = (
				A17C54382007E232007C63EB /* Project */,
				A17C54372007E21D007C63EB /* Network */,
				A17C543C2007E435007C63EB /* Models */,
				A17C54362007E212007C63EB /* Functionalities */,
				A19DE43E2016284E0027E1F3 /* Helpers */,
			);
			path = Allle;
			sourceTree = "<group>";
		};
		A1034551200547970074EFEC /* AllleTests */ = {
			isa = PBXGroup;
			children = (
				A1034552200547970074EFEC /* AllleTests.swift */,
				A1034554200547970074EFEC /* Info.plist */,
			);
			path = AllleTests;
			sourceTree = "<group>";
		};
		A103455C200547970074EFEC /* AllleUITests */ = {
			isa = PBXGroup;
			children = (
				A103455D200547970074EFEC /* AllleUITests.swift */,
				A103455F200547970074EFEC /* Info.plist */,
			);
			path = AllleUITests;
			sourceTree = "<group>";
		};
		A17C54362007E212007C63EB /* Functionalities */ = {
			isa = PBXGroup;
			children = (
				A17C543A2007E261007C63EB /* BaseView */,
				A17C54392007E254007C63EB /* Login */,
			);
			path = Functionalities;
			sourceTree = "<group>";
		};
		A17C54372007E21D007C63EB /* Network */ = {
			isa = PBXGroup;
			children = (
				A17C543D2007E45B007C63EB /* UserNetworkManager.swift */,
			);
			path = Network;
			sourceTree = "<group>";
		};
		A17C54382007E232007C63EB /* Project */ = {
			isa = PBXGroup;
			children = (
				A103453D200547970074EFEC /* AppDelegate.swift */,
				A1034544200547970074EFEC /* Assets.xcassets */,
				A1034546200547970074EFEC /* LaunchScreen.storyboard */,
				A1034549200547970074EFEC /* Info.plist */,
			);
			path = Project;
			sourceTree = "<group>";
		};
		A17C54392007E254007C63EB /* Login */ = {
			isa = PBXGroup;
			children = (
				A103453F200547970074EFEC /* ViewController.swift */,
				A1034541200547970074EFEC /* Main.storyboard */,
			);
			path = Login;
			sourceTree = "<group>";
		};
		A17C543A2007E261007C63EB /* BaseView */ = {
			isa = PBXGroup;
			children = (
				A17C54452007EBE0007C63EB /* BaseView.swift */,
				A17C54472007EBF7007C63EB /* BaseView.storyboard */,
			);
			path = BaseView;
			sourceTree = "<group>";
		};
		A17C543C2007E435007C63EB /* Models */ = {
			isa = PBXGroup;
			children = (
				A17C543F2007E49B007C63EB /* UserModel.swift */,
			);
			path = Models;
			sourceTree = "<group>";
		};
		A19DE43E2016284E0027E1F3 /* Helpers */ = {
			isa = PBXGroup;
			children = (
				A19DE43F2016287F0027E1F3 /* Constant.swift */,
			);
			path = Helpers;
			sourceTree = "<group>";
		};
/* End PBXGroup section */

/* Begin PBXNativeTarget section */
		A1034539200547970074EFEC /* Allle */ = {
			isa = PBXNativeTarget;
			buildConfigurationList = A1034562200547970074EFEC /* Build configuration list for PBXNativeTarget "Allle" */;
			buildPhases = (
				A1034536200547970074EFEC /* Sources */,
				A1034537200547970074EFEC /* Frameworks */,
				A1034538200547970074EFEC /* Resources */,
			);
			buildRules = (
			);
			dependencies = (
			);
			name = Allle;
			productName = Allle;
			productReference = A103453A200547970074EFEC /* Allle.app */;
			productType = "com.apple.product-type.application";
		};
		A103454D200547970074EFEC /* AllleTests */ = {
			isa = PBXNativeTarget;
			buildConfigurationList = A1034565200547970074EFEC /* Build configuration list for PBXNativeTarget "AllleTests" */;
			buildPhases = (
				A103454A200547970074EFEC /* Sources */,
				A103454B200547970074EFEC /* Frameworks */,
				A103454C200547970074EFEC /* Resources */,
			);
			buildRules = (
			);
			dependencies = (
				A1034550200547970074EFEC /* PBXTargetDependency */,
			);
			name = AllleTests;
			productName = AllleTests;
			productReference = A103454E200547970074EFEC /* AllleTests.xctest */;
			productType = "com.apple.product-type.bundle.unit-test";
		};
		A1034558200547970074EFEC /* AllleUITests */ = {
			isa = PBXNativeTarget;
			buildConfigurationList = A1034568200547970074EFEC /* Build configuration list for PBXNativeTarget "AllleUITests" */;
			buildPhases = (
				A1034555200547970074EFEC /* Sources */,
				A1034556200547970074EFEC /* Frameworks */,
				A1034557200547970074EFEC /* Resources */,
			);
			buildRules = (
			);
			dependencies = (
				A103455B200547970074EFEC /* PBXTargetDependency */,
			);
			name = AllleUITests;
			productName = AllleUITests;
			productReference = A1034559200547970074EFEC /* AllleUITests.xctest */;
			productType = "com.apple.product-type.bundle.ui-testing";
		};
/* End PBXNativeTarget section */

/* Begin PBXProject section */
		A1034532200547970074EFEC /* Project object */ = {
			isa = PBXProject;
			attributes = {
				LastSwiftUpdateCheck = 0920;
				LastUpgradeCheck = 0920;
				ORGANIZATIONNAME = Belzi;
				TargetAttributes = {
					A1034539200547970074EFEC = {
						CreatedOnToolsVersion = 9.2;
						ProvisioningStyle = Automatic;
					};
					A103454D200547970074EFEC = {
						CreatedOnToolsVersion = 9.2;
						ProvisioningStyle = Automatic;
						TestTargetID = A1034539200547970074EFEC;
					};
					A1034558200547970074EFEC = {
						CreatedOnToolsVersion = 9.2;
						ProvisioningStyle = Automatic;
						TestTargetID = A1034539200547970074EFEC;
					};
				};
			};
			buildConfigurationList = A1034535200547970074EFEC /* Build configuration list for PBXProject "Allle" */;
			compatibilityVersion = "Xcode 8.0";
			developmentRegion = en;
			hasScannedForEncodings = 0;
			knownRegions = (
				en,
				Base,
			);
			mainGroup = A1034531200547970074EFEC;
			productRefGroup = A103453B200547970074EFEC /* Products */;
			projectDirPath = "";
			projectRoot = "";
			targets = (
				A1034539200547970074EFEC /* Allle */,
				A103454D200547970074EFEC /* AllleTests */,
				A1034558200547970074EFEC /* AllleUITests */,
			);
		};
/* End PBXProject section */

/* Begin PBXResourcesBuildPhase section */
		A1034538200547970074EFEC /* Resources */ = {
			isa = PBXResourcesBuildPhase;
			buildActionMask = 2147483647;
			files = (
				A17C54482007EBF7007C63EB /* BaseView.storyboard in Resources */,
				A1034548200547970074EFEC /* LaunchScreen.storyboard in Resources */,
				A1034545200547970074EFEC /* Assets.xcassets in Resources */,
				A1034543200547970074EFEC /* Main.storyboard in Resources */,
			);
			runOnlyForDeploymentPostprocessing = 0;
		};
		A103454C200547970074EFEC /* Resources */ = {
			isa = PBXResourcesBuildPhase;
			buildActionMask = 2147483647;
			files = (
			);
			runOnlyForDeploymentPostprocessing = 0;
		};
		A1034557200547970074EFEC /* Resources */ = {
			isa = PBXResourcesBuildPhase;
			buildActionMask = 2147483647;
			files = (
			);
			runOnlyForDeploymentPostprocessing = 0;
		};
/* End PBXResourcesBuildPhase section */

/* Begin PBXSourcesBuildPhase section */
		A1034536200547970074EFEC /* Sources */ = {
			isa = PBXSourcesBuildPhase;
			buildActionMask = 2147483647;
			files = (
				A17C543E2007E45B007C63EB /* UserNetworkManager.swift in Sources */,
				A1034540200547970074EFEC /* ViewController.swift in Sources */,
				A17C54462007EBE0007C63EB /* BaseView.swift in Sources */,
				A17C54402007E49B007C63EB /* UserModel.swift in Sources */,
				A103453E200547970074EFEC /* AppDelegate.swift in Sources */,
				A19DE4402016287F0027E1F3 /* Constant.swift in Sources */,
			);
			runOnlyForDeploymentPostprocessing = 0;
		};
		A103454A200547970074EFEC /* Sources */ = {
			isa = PBXSourcesBuildPhase;
			buildActionMask = 2147483647;
			files = (
				A1034553200547970074EFEC /* AllleTests.swift in Sources */,
			);
			runOnlyForDeploymentPostprocessing = 0;
		};
		A1034555200547970074EFEC /* Sources */ = {
			isa = PBXSourcesBuildPhase;
			buildActionMask = 2147483647;
			files = (
				A103455E200547970074EFEC /* AllleUITests.swift in Sources */,
			);
			runOnlyForDeploymentPostprocessing = 0;
		};
/* End PBXSourcesBuildPhase section */

/* Begin PBXTargetDependency section */
		A1034550200547970074EFEC /* PBXTargetDependency */ = {
			isa = PBXTargetDependency;
			target = A1034539200547970074EFEC /* Allle */;
			targetProxy = A103454F200547970074EFEC /* PBXContainerItemProxy */;
		};
		A103455B200547970074EFEC /* PBXTargetDependency */ = {
			isa = PBXTargetDependency;
			target = A1034539200547970074EFEC /* Allle */;
			targetProxy = A103455A200547970074EFEC /* PBXContainerItemProxy */;
		};
/* End PBXTargetDependency section */

/* Begin PBXVariantGroup section */
		A1034541200547970074EFEC /* Main.storyboard */ = {
			isa = PBXVariantGroup;
			children = (
				A1034542200547970074EFEC /* Base */,
			);
			name = Main.storyboard;
			sourceTree = "<group>";
		};
		A1034546200547970074EFEC /* LaunchScreen.storyboard */ = {
			isa = PBXVariantGroup;
			children = (
				A1034547200547970074EFEC /* Base */,
			);
			name = LaunchScreen.storyboard;
			sourceTree = "<group>";
		};
/* End PBXVariantGroup section */

/* Begin XCBuildConfiguration section */
		A1034560200547970074EFEC /* Debug */ = {
			isa = XCBuildConfiguration;
			buildSettings = {
				ALWAYS_SEARCH_USER_PATHS = NO;
				CLANG_ANALYZER_NONNULL = YES;
				CLANG_ANALYZER_NUMBER_OBJECT_CONVERSION = YES_AGGRESSIVE;
				CLANG_CXX_LANGUAGE_STANDARD = "gnu++14";
				CLANG_CXX_LIBRARY = "libc++";
				CLANG_ENABLE_MODULES = YES;
				CLANG_ENABLE_OBJC_ARC = YES;
				CLANG_WARN_BLOCK_CAPTURE_AUTORELEASING = YES;
				CLANG_WARN_BOOL_CONVERSION = YES;
				CLANG_WARN_COMMA = YES;
				CLANG_WARN_CONSTANT_CONVERSION = YES;
				CLANG_WARN_DIRECT_OBJC_ISA_USAGE = YES_ERROR;
				CLANG_WARN_DOCUMENTATION_COMMENTS = YES;
				CLANG_WARN_EMPTY_BODY = YES;
				CLANG_WARN_ENUM_CONVERSION = YES;
				CLANG_WARN_INFINITE_RECURSION = YES;
				CLANG_WARN_INT_CONVERSION = YES;
				CLANG_WARN_NON_LITERAL_NULL_CONVERSION = YES;
				CLANG_WARN_OBJC_LITERAL_CONVERSION = YES;
				CLANG_WARN_OBJC_ROOT_CLASS = YES_ERROR;
				CLANG_WARN_RANGE_LOOP_ANALYSIS = YES;
				CLANG_WARN_STRICT_PROTOTYPES = YES;
				CLANG_WARN_SUSPICIOUS_MOVE = YES;
				CLANG_WARN_UNGUARDED_AVAILABILITY = YES_AGGRESSIVE;
				CLANG_WARN_UNREACHABLE_CODE = YES;
				CLANG_WARN__DUPLICATE_METHOD_MATCH = YES;
				CODE_SIGN_IDENTITY = "iPhone Developer";
				COPY_PHASE_STRIP = NO;
				DEBUG_INFORMATION_FORMAT = dwarf;
				ENABLE_STRICT_OBJC_MSGSEND = YES;
				ENABLE_TESTABILITY = YES;
				GCC_C_LANGUAGE_STANDARD = gnu11;
				GCC_DYNAMIC_NO_PIC = NO;
				GCC_NO_COMMON_BLOCKS = YES;
				GCC_OPTIMIZATION_LEVEL = 0;
				GCC_PREPROCESSOR_DEFINITIONS = (
					"DEBUG=1",
					"$(inherited)",
				);
				GCC_WARN_64_TO_32_BIT_CONVERSION = YES;
				GCC_WARN_ABOUT_RETURN_TYPE = YES_ERROR;
				GCC_WARN_UNDECLARED_SELECTOR = YES;
				GCC_WARN_UNINITIALIZED_AUTOS = YES_AGGRESSIVE;
				GCC_WARN_UNUSED_FUNCTION = YES;
				GCC_WARN_UNUSED_VARIABLE = YES;
				IPHONEOS_DEPLOYMENT_TARGET = 11.2;
				MTL_ENABLE_DEBUG_INFO = YES;
				ONLY_ACTIVE_ARCH = YES;
				SDKROOT = iphoneos;
				SWIFT_ACTIVE_COMPILATION_CONDITIONS = DEBUG;
				SWIFT_OPTIMIZATION_LEVEL = "-Onone";
			};
			name = Debug;
		};
		A1034561200547970074EFEC /* Release */ = {
			isa = XCBuildConfiguration;
			buildSettings = {
				ALWAYS_SEARCH_USER_PATHS = NO;
				CLANG_ANALYZER_NONNULL = YES;
				CLANG_ANALYZER_NUMBER_OBJECT_CONVERSION = YES_AGGRESSIVE;
				CLANG_CXX_LANGUAGE_STANDARD = "gnu++14";
				CLANG_CXX_LIBRARY = "libc++";
				CLANG_ENABLE_MODULES = YES;
				CLANG_ENABLE_OBJC_ARC = YES;
				CLANG_WARN_BLOCK_CAPTURE_AUTORELEASING = YES;
				CLANG_WARN_BOOL_CONVERSION = YES;
				CLANG_WARN_COMMA = YES;
				CLANG_WARN_CONSTANT_CONVERSION = YES;
				CLANG_WARN_DIRECT_OBJC_ISA_USAGE = YES_ERROR;
				CLANG_WARN_DOCUMENTATION_COMMENTS = YES;
				CLANG_WARN_EMPTY_BODY = YES;
				CLANG_WARN_ENUM_CONVERSION = YES;
				CLANG_WARN_INFINITE_RECURSION = YES;
				CLANG_WARN_INT_CONVERSION = YES;
				CLANG_WARN_NON_LITERAL_NULL_CONVERSION = YES;
				CLANG_WARN_OBJC_LITERAL_CONVERSION = YES;
				CLANG_WARN_OBJC_ROOT_CLASS = YES_ERROR;
				CLANG_WARN_RANGE_LOOP_ANALYSIS = YES;
				CLANG_WARN_STRICT_PROTOTYPES = YES;
				CLANG_WARN_SUSPICIOUS_MOVE = YES;
				CLANG_WARN_UNGUARDED_AVAILABILITY = YES_AGGRESSIVE;
				CLANG_WARN_UNREACHABLE_CODE = YES;
				CLANG_WARN__DUPLICATE_METHOD_MATCH = YES;
				CODE_SIGN_IDENTITY = "iPhone Developer";
				COPY_PHASE_STRIP = NO;
				DEBUG_INFORMATION_FORMAT = "dwarf-with-dsym";
				ENABLE_NS_ASSERTIONS = NO;
				ENABLE_STRICT_OBJC_MSGSEND = YES;
				GCC_C_LANGUAGE_STANDARD = gnu11;
				GCC_NO_COMMON_BLOCKS = YES;
				GCC_WARN_64_TO_32_BIT_CONVERSION = YES;
				GCC_WARN_ABOUT_RETURN_TYPE = YES_ERROR;
				GCC_WARN_UNDECLARED_SELECTOR = YES;
				GCC_WARN_UNINITIALIZED_AUTOS = YES_AGGRESSIVE;
				GCC_WARN_UNUSED_FUNCTION = YES;
				GCC_WARN_UNUSED_VARIABLE = YES;
				IPHONEOS_DEPLOYMENT_TARGET = 11.2;
				MTL_ENABLE_DEBUG_INFO = NO;
				SDKROOT = iphoneos;
				SWIFT_OPTIMIZATION_LEVEL = "-Owholemodule";
				VALIDATE_PRODUCT = YES;
			};
			name = Release;
		};
		A1034563200547970074EFEC /* Debug */ = {
			isa = XCBuildConfiguration;
			buildSettings = {
				ASSETCATALOG_COMPILER_APPICON_NAME = AppIcon;
				CODE_SIGN_STYLE = Automatic;
				INFOPLIST_FILE = "$(SRCROOT)/Allle/Project/Info.plist";
				LD_RUNPATH_SEARCH_PATHS = "$(inherited) @executable_path/Frameworks";
				PRODUCT_BUNDLE_IDENTIFIER = Belzowski.Allle;
				PRODUCT_NAME = "$(TARGET_NAME)";
				SWIFT_VERSION = 4.0;
				TARGETED_DEVICE_FAMILY = "1,2";
			};
			name = Debug;
		};
		A1034564200547970074EFEC /* Release */ = {
			isa = XCBuildConfiguration;
			buildSettings = {
				ASSETCATALOG_COMPILER_APPICON_NAME = AppIcon;
				CODE_SIGN_STYLE = Automatic;
				INFOPLIST_FILE = "$(SRCROOT)/Allle/Project/Info.plist";
				LD_RUNPATH_SEARCH_PATHS = "$(inherited) @executable_path/Frameworks";
				PRODUCT_BUNDLE_IDENTIFIER = Belzowski.Allle;
				PRODUCT_NAME = "$(TARGET_NAME)";
				SWIFT_VERSION = 4.0;
				TARGETED_DEVICE_FAMILY = "1,2";
			};
			name = Release;
		};
		A1034566200547970074EFEC /* Debug */ = {
			isa = XCBuildConfiguration;
			buildSettings = {
				ALWAYS_EMBED_SWIFT_STANDARD_LIBRARIES = YES;
				BUNDLE_LOADER = "$(TEST_HOST)";
				CODE_SIGN_STYLE = Automatic;
				INFOPLIST_FILE = AllleTests/Info.plist;
				LD_RUNPATH_SEARCH_PATHS = "$(inherited) @executable_path/Frameworks @loader_path/Frameworks";
				PRODUCT_BUNDLE_IDENTIFIER = Belzowski.AllleTests;
				PRODUCT_NAME = "$(TARGET_NAME)";
				SWIFT_VERSION = 4.0;
				TARGETED_DEVICE_FAMILY = "1,2";
				TEST_HOST = "$(BUILT_PRODUCTS_DIR)/Allle.app/Allle";
			};
			name = Debug;
		};
		A1034567200547970074EFEC /* Release */ = {
			isa = XCBuildConfiguration;
			buildSettings = {
				ALWAYS_EMBED_SWIFT_STANDARD_LIBRARIES = YES;
				BUNDLE_LOADER = "$(TEST_HOST)";
				CODE_SIGN_STYLE = Automatic;
				INFOPLIST_FILE = AllleTests/Info.plist;
				LD_RUNPATH_SEARCH_PATHS = "$(inherited) @executable_path/Frameworks @loader_path/Frameworks";
				PRODUCT_BUNDLE_IDENTIFIER = Belzowski.AllleTests;
				PRODUCT_NAME = "$(TARGET_NAME)";
				SWIFT_VERSION = 4.0;
				TARGETED_DEVICE_FAMILY = "1,2";
				TEST_HOST = "$(BUILT_PRODUCTS_DIR)/Allle.app/Allle";
			};
			name = Release;
		};
		A1034569200547970074EFEC /* Debug */ = {
			isa = XCBuildConfiguration;
			buildSettings = {
				ALWAYS_EMBED_SWIFT_STANDARD_LIBRARIES = YES;
				CODE_SIGN_STYLE = Automatic;
				INFOPLIST_FILE = AllleUITests/Info.plist;
				LD_RUNPATH_SEARCH_PATHS = "$(inherited) @executable_path/Frameworks @loader_path/Frameworks";
				PRODUCT_BUNDLE_IDENTIFIER = Belzowski.AllleUITests;
				PRODUCT_NAME = "$(TARGET_NAME)";
				SWIFT_VERSION = 4.0;
				TARGETED_DEVICE_FAMILY = "1,2";
				TEST_TARGET_NAME = Allle;
			};
			name = Debug;
		};
		A103456A200547970074EFEC /* Release */ = {
			isa = XCBuildConfiguration;
			buildSettings = {
				ALWAYS_EMBED_SWIFT_STANDARD_LIBRARIES = YES;
				CODE_SIGN_STYLE = Automatic;
				INFOPLIST_FILE = AllleUITests/Info.plist;
				LD_RUNPATH_SEARCH_PATHS = "$(inherited) @executable_path/Frameworks @loader_path/Frameworks";
				PRODUCT_BUNDLE_IDENTIFIER = Belzowski.AllleUITests;
				PRODUCT_NAME = "$(TARGET_NAME)";
				SWIFT_VERSION = 4.0;
				TARGETED_DEVICE_FAMILY = "1,2";
				TEST_TARGET_NAME = Allle;
			};
			name = Release;
		};
/* End XCBuildConfiguration section */

/* Begin XCConfigurationList section */
		A1034535200547970074EFEC /* Build configuration list for PBXProject "Allle" */ = {
			isa = XCConfigurationList;
			buildConfigurations = (
				A1034560200547970074EFEC /* Debug */,
				A1034561200547970074EFEC /* Release */,
			);
			defaultConfigurationIsVisible = 0;
			defaultConfigurationName = Release;
		};
		A1034562200547970074EFEC /* Build configuration list for PBXNativeTarget "Allle" */ = {
			isa = XCConfigurationList;
			buildConfigurations = (
				A1034563200547970074EFEC /* Debug */,
				A1034564200547970074EFEC /* Release */,
			);
			defaultConfigurationIsVisible = 0;
			defaultConfigurationName = Release;
		};
		A1034565200547970074EFEC /* Build configuration list for PBXNativeTarget "AllleTests" */ = {
			isa = XCConfigurationList;
			buildConfigurations = (
				A1034566200547970074EFEC /* Debug */,
				A1034567200547970074EFEC /* Release */,
			);
			defaultConfigurationIsVisible = 0;
			defaultConfigurationName = Release;
		};
		A1034568200547970074EFEC /* Build configuration list for PBXNativeTarget "AllleUITests" */ = {
			isa = XCConfigurationList;
			buildConfigurations = (
				A1034569200547970074EFEC /* Debug */,
				A103456A200547970074EFEC /* Release */,
			);
			defaultConfigurationIsVisible = 0;
			defaultConfigurationName = Release;
		};
/* End XCConfigurationList section */
	};
	rootObject = A1034532200547970074EFEC /* Project object */;
}
